
Microsoft Visual Studio Solution File, Format Version 12.00
# Visual Studio Version 17
VisualStudioVersion = 17.5.002.0
MinimumVisualStudioVersion = 10.0.40219.1
Project("{9A19103F-16F7-4668-BE54-9A1E7A4F7556}") = "PracticeCrud", "PracticeCrud.csproj", "{C1DEEB24-36B0-4C1C-9F9F-A218AA574147}"
EndProject
Global
	GlobalSection(SolutionConfigurationPlatforms) = preSolution
		Debug|Any CPU = Debug|Any CPU
		Release|Any CPU = Release|Any CPU
	EndGlobalSection
	GlobalSection(ProjectConfigurationPlatforms) = postSolution
		{C1DEEB24-36B0-4C1C-9F9F-A218AA574147}.Debug|Any CPU.ActiveCfg = Debug|Any CPU
		{C1DEEB24-36B0-4C1C-9F9F-A218AA574147}.Debug|Any CPU.Build.0 = Debug|Any CPU
		{C1DEEB24-36B0-4C1C-9F9F-A218AA574147}.Release|Any CPU.ActiveCfg = Release|Any CPU
		{C1DEEB24-36B0-4C1C-9F9F-A218AA574147}.Release|Any CPU.Build.0 = Release|Any CPU
	EndGlobalSection
	GlobalSection(SolutionProperties) = preSolution
		HideSolutionNode = FALSE
	EndGlobalSection
	GlobalSection(ExtensibilityGlobals) = postSolution
		SolutionGuid = {CD5BD85F-759C-401C-8E34-FBB0713423B0}
	EndGlobalSection
EndGlobal
